
Microsoft Visual Studio Solution File, Format Version 12.00
# Visual Studio Version 16
VisualStudioVersion = 16.0.29609.76
MinimumVisualStudioVersion = 10.0.40219.1
Project("{FAE04EC0-301F-11D3-BF4B-00C04F79EFBC}") = "Memcomb", "Memcomb.csproj", "{34BC3A0A-77D0-42A1-A62F-90678728AF70}"
EndProject
Project("{FAE04EC0-301F-11D3-BF4B-00C04F79EFBC}") = "LoginTest", "..\LoginTest\LoginTest.csproj", "{0EE7067D-AA0A-43DB-84B8-818B480FB400}"
EndProject
Project("{FAE04EC0-301F-11D3-BF4B-00C04F79EFBC}") = "SignInTest", "..\SignInTest\SignInTest.csproj", "{CEE16558-606A-455D-968D-42103855415A}"
	ProjectSection(ProjectDependencies) = postProject
		{34BC3A0A-77D0-42A1-A62F-90678728AF70} = {34BC3A0A-77D0-42A1-A62F-90678728AF70}
	EndProjectSection
EndProject
Project("{FAE04EC0-301F-11D3-BF4B-00C04F79EFBC}") = "ProfileTest", "..\ProfileTest\ProfileTest.csproj", "{23171B5C-4A54-40C1-A74E-CAA18A51C90A}"
EndProject
Project("{FAE04EC0-301F-11D3-BF4B-00C04F79EFBC}") = "SettingsTester", "..\SettingsTester\SettingsTester.csproj", "{FF4678B7-467A-46A3-8180-784BC0D4C457}"
EndProject
Project("{FAE04EC0-301F-11D3-BF4B-00C04F79EFBC}") = "HomeTester", "..\HomeTester\HomeTester.csproj", "{310862EC-C890-4C19-8621-B54B0EC2C40E}"
EndProject
Global
	GlobalSection(SolutionConfigurationPlatforms) = preSolution
		Debug|Any CPU = Debug|Any CPU
		Release|Any CPU = Release|Any CPU
	EndGlobalSection
	GlobalSection(ProjectConfigurationPlatforms) = postSolution
		{34BC3A0A-77D0-42A1-A62F-90678728AF70}.Debug|Any CPU.ActiveCfg = Debug|Any CPU
		{34BC3A0A-77D0-42A1-A62F-90678728AF70}.Debug|Any CPU.Build.0 = Debug|Any CPU
		{34BC3A0A-77D0-42A1-A62F-90678728AF70}.Release|Any CPU.ActiveCfg = Release|Any CPU
		{34BC3A0A-77D0-42A1-A62F-90678728AF70}.Release|Any CPU.Build.0 = Release|Any CPU
		{0EE7067D-AA0A-43DB-84B8-818B480FB400}.Debug|Any CPU.ActiveCfg = Debug|Any CPU
		{0EE7067D-AA0A-43DB-84B8-818B480FB400}.Debug|Any CPU.Build.0 = Debug|Any CPU
		{0EE7067D-AA0A-43DB-84B8-818B480FB400}.Release|Any CPU.ActiveCfg = Release|Any CPU
		{0EE7067D-AA0A-43DB-84B8-818B480FB400}.Release|Any CPU.Build.0 = Release|Any CPU
		{CEE16558-606A-455D-968D-42103855415A}.Debug|Any CPU.ActiveCfg = Debug|Any CPU
		{CEE16558-606A-455D-968D-42103855415A}.Debug|Any CPU.Build.0 = Debug|Any CPU
		{CEE16558-606A-455D-968D-42103855415A}.Release|Any CPU.ActiveCfg = Release|Any CPU
		{CEE16558-606A-455D-968D-42103855415A}.Release|Any CPU.Build.0 = Release|Any CPU
		{23171B5C-4A54-40C1-A74E-CAA18A51C90A}.Debug|Any CPU.ActiveCfg = Debug|Any CPU
		{23171B5C-4A54-40C1-A74E-CAA18A51C90A}.Debug|Any CPU.Build.0 = Debug|Any CPU
		{23171B5C-4A54-40C1-A74E-CAA18A51C90A}.Release|Any CPU.ActiveCfg = Release|Any CPU
		{23171B5C-4A54-40C1-A74E-CAA18A51C90A}.Release|Any CPU.Build.0 = Release|Any CPU
		{FF4678B7-467A-46A3-8180-784BC0D4C457}.Debug|Any CPU.ActiveCfg = Debug|Any CPU
		{FF4678B7-467A-46A3-8180-784BC0D4C457}.Debug|Any CPU.Build.0 = Debug|Any CPU
		{FF4678B7-467A-46A3-8180-784BC0D4C457}.Release|Any CPU.ActiveCfg = Release|Any CPU
		{FF4678B7-467A-46A3-8180-784BC0D4C457}.Release|Any CPU.Build.0 = Release|Any CPU
		{310862EC-C890-4C19-8621-B54B0EC2C40E}.Debug|Any CPU.ActiveCfg = Debug|Any CPU
		{310862EC-C890-4C19-8621-B54B0EC2C40E}.Debug|Any CPU.Build.0 = Debug|Any CPU
		{310862EC-C890-4C19-8621-B54B0EC2C40E}.Release|Any CPU.ActiveCfg = Release|Any CPU
		{310862EC-C890-4C19-8621-B54B0EC2C40E}.Release|Any CPU.Build.0 = Release|Any CPU
	EndGlobalSection
	GlobalSection(SolutionProperties) = preSolution
		HideSolutionNode = FALSE
	EndGlobalSection
	GlobalSection(ExtensibilityGlobals) = postSolution
		SolutionGuid = {665C9F36-B2B5-4CC7-893D-98E191408A73}
	EndGlobalSection
EndGlobal
